
Microsoft Visual Studio Solution File, Format Version 12.00
# Visual Studio 15
VisualStudioVersion = 15.0.27703.2047
MinimumVisualStudioVersion = 10.0.40219.1
Project("{FAE04EC0-301F-11D3-BF4B-00C04F79EFBC}") = "Dal", "Dal\Dal.csproj", "{7664B47D-F8FA-48A5-B7A9-EEA48EBD3E76}"
EndProject
Project("{FAE04EC0-301F-11D3-BF4B-00C04F79EFBC}") = "Bll", "Bll\Bll.csproj", "{BF23096D-26B9-4224-8858-39B2AE3BDA84}"
EndProject
Project("{FAE04EC0-301F-11D3-BF4B-00C04F79EFBC}") = "Common", "Common\Common.csproj", "{314BFC0C-997C-4E90-837E-9CBE02FC5677}"
EndProject
Project("{FAE04EC0-301F-11D3-BF4B-00C04F79EFBC}") = "Model", "Model\Model.csproj", "{D1DB0993-3BE4-403B-82DD-D28C6E72473B}"
EndProject
Project("{FAE04EC0-301F-11D3-BF4B-00C04F79EFBC}") = "WinUI", "WinUI\WinUI.csproj", "{2DF93B8A-DF84-49A6-9FF0-522C9397E2F7}"
EndProject
Global
	GlobalSection(SolutionConfigurationPlatforms) = preSolution
		Debug|Any CPU = Debug|Any CPU
		Release|Any CPU = Release|Any CPU
	EndGlobalSection
	GlobalSection(ProjectConfigurationPlatforms) = postSolution
		{7664B47D-F8FA-48A5-B7A9-EEA48EBD3E76}.Debug|Any CPU.ActiveCfg = Debug|Any CPU
		{7664B47D-F8FA-48A5-B7A9-EEA48EBD3E76}.Debug|Any CPU.Build.0 = Debug|Any CPU
		{7664B47D-F8FA-48A5-B7A9-EEA48EBD3E76}.Release|Any CPU.ActiveCfg = Release|Any CPU
		{7664B47D-F8FA-48A5-B7A9-EEA48EBD3E76}.Release|Any CPU.Build.0 = Release|Any CPU
		{BF23096D-26B9-4224-8858-39B2AE3BDA84}.Debug|Any CPU.ActiveCfg = Debug|Any CPU
		{BF23096D-26B9-4224-8858-39B2AE3BDA84}.Debug|Any CPU.Build.0 = Debug|Any CPU
		{BF23096D-26B9-4224-8858-39B2AE3BDA84}.Release|Any CPU.ActiveCfg = Release|Any CPU
		{BF23096D-26B9-4224-8858-39B2AE3BDA84}.Release|Any CPU.Build.0 = Release|Any CPU
		{314BFC0C-997C-4E90-837E-9CBE02FC5677}.Debug|Any CPU.ActiveCfg = Debug|Any CPU
		{314BFC0C-997C-4E90-837E-9CBE02FC5677}.Debug|Any CPU.Build.0 = Debug|Any CPU
		{314BFC0C-997C-4E90-837E-9CBE02FC5677}.Release|Any CPU.ActiveCfg = Release|Any CPU
		{314BFC0C-997C-4E90-837E-9CBE02FC5677}.Release|Any CPU.Build.0 = Release|Any CPU
		{D1DB0993-3BE4-403B-82DD-D28C6E72473B}.Debug|Any CPU.ActiveCfg = Debug|Any CPU
		{D1DB0993-3BE4-403B-82DD-D28C6E72473B}.Debug|Any CPU.Build.0 = Debug|Any CPU
		{D1DB0993-3BE4-403B-82DD-D28C6E72473B}.Release|Any CPU.ActiveCfg = Release|Any CPU
		{D1DB0993-3BE4-403B-82DD-D28C6E72473B}.Release|Any CPU.Build.0 = Release|Any CPU
		{2DF93B8A-DF84-49A6-9FF0-522C9397E2F7}.Debug|Any CPU.ActiveCfg = Debug|Any CPU
		{2DF93B8A-DF84-49A6-9FF0-522C9397E2F7}.Debug|Any CPU.Build.0 = Debug|Any CPU
		{2DF93B8A-DF84-49A6-9FF0-522C9397E2F7}.Release|Any CPU.ActiveCfg = Release|Any CPU
		{2DF93B8A-DF84-49A6-9FF0-522C9397E2F7}.Release|Any CPU.Build.0 = Release|Any CPU
	EndGlobalSection
	GlobalSection(SolutionProperties) = preSolution
		HideSolutionNode = FALSE
	EndGlobalSection
	GlobalSection(ExtensibilityGlobals) = postSolution
		SolutionGuid = {2D5D2650-E4F9-47FF-91A7-1385ABE30DC1}
	EndGlobalSection
EndGlobal
